// !$*UTF8*$!
{
	archiveVersion = 1;
	classes = {
	};
	objectVersion = 52;
	objects = {

/* Begin PBXBuildFile section */
		3C0670C5254F2B5000B8A114 /* AppDelegate.swift in Sources */ = {isa = PBXBuildFile; fileRef = 3C0670C4254F2B5000B8A114 /* AppDelegate.swift */; };
		3C0670C7254F2B5000B8A114 /* SceneDelegate.swift in Sources */ = {isa = PBXBuildFile; fileRef = 3C0670C6254F2B5000B8A114 /* SceneDelegate.swift */; };
		3C0670C9254F2B5000B8A114 /* MoviesViewController.swift in Sources */ = {isa = PBXBuildFile; fileRef = 3C0670C8254F2B5000B8A114 /* MoviesViewController.swift */; };
		3C0670CC254F2B5000B8A114 /* Main.storyboard in Resources */ = {isa = PBXBuildFile; fileRef = 3C0670CA254F2B5000B8A114 /* Main.storyboard */; };
		3C0670CF254F2B5000B8A114 /* TheMoviesDB.xcdatamodeld in Sources */ = {isa = PBXBuildFile; fileRef = 3C0670CD254F2B5000B8A114 /* TheMoviesDB.xcdatamodeld */; };
		3C0670D1254F2B5300B8A114 /* Assets.xcassets in Resources */ = {isa = PBXBuildFile; fileRef = 3C0670D0254F2B5300B8A114 /* Assets.xcassets */; };
		3C0670D4254F2B5300B8A114 /* LaunchScreen.storyboard in Resources */ = {isa = PBXBuildFile; fileRef = 3C0670D2254F2B5300B8A114 /* LaunchScreen.storyboard */; };
		3C0670E6254F378800B8A114 /* TVShowCell.swift in Sources */ = {isa = PBXBuildFile; fileRef = 3C0670E5254F378800B8A114 /* TVShowCell.swift */; };
		3C0670EB254F38D100B8A114 /* MovieDetailsViewController.swift in Sources */ = {isa = PBXBuildFile; fileRef = 3C0670EA254F38D100B8A114 /* MovieDetailsViewController.swift */; };
		3C0670F1254F421500B8A114 /* Kingfisher in Frameworks */ = {isa = PBXBuildFile; productRef = 3C0670F0254F421500B8A114 /* Kingfisher */; };
		3C0670F5254F445400B8A114 /* Alamofire in Frameworks */ = {isa = PBXBuildFile; productRef = 3C0670F4254F445400B8A114 /* Alamofire */; };
		3C067102254F544100B8A114 /* Localizables.strings in Resources */ = {isa = PBXBuildFile; fileRef = 3C067104254F544100B8A114 /* Localizables.strings */; };
		3C06710C254F550B00B8A114 /* LocalizableKeys.swift in Sources */ = {isa = PBXBuildFile; fileRef = 3C06710B254F550B00B8A114 /* LocalizableKeys.swift */; };
		3C067110254F55B600B8A114 /* Requestable.swift in Sources */ = {isa = PBXBuildFile; fileRef = 3C06710F254F55B600B8A114 /* Requestable.swift */; };
		3C067114254F56B700B8A114 /* Pagination.swift in Sources */ = {isa = PBXBuildFile; fileRef = 3C067113254F56B700B8A114 /* Pagination.swift */; };
		3C067118254F57BD00B8A114 /* ObjectMapper in Frameworks */ = {isa = PBXBuildFile; productRef = 3C067117254F57BD00B8A114 /* ObjectMapper */; };
		3C06711C254F589500B8A114 /* BaseResponse.swift in Sources */ = {isa = PBXBuildFile; fileRef = 3C06711B254F589500B8A114 /* BaseResponse.swift */; };
		3C067120254F60D800B8A114 /* NetworkManager.swift in Sources */ = {isa = PBXBuildFile; fileRef = 3C06711F254F60D800B8A114 /* NetworkManager.swift */; };
		3C067123254F648900B8A114 /* NetworkError.swift in Sources */ = {isa = PBXBuildFile; fileRef = 3C067122254F648900B8A114 /* NetworkError.swift */; };
		3C067126254F6CB300B8A114 /* GenreModel.swift in Sources */ = {isa = PBXBuildFile; fileRef = 3C067125254F6CB300B8A114 /* GenreModel.swift */; };
		3C067129254F6E8900B8A114 /* TVShow.swift in Sources */ = {isa = PBXBuildFile; fileRef = 3C067128254F6E8900B8A114 /* TVShow.swift */; };
		3C06712D254F7C2200B8A114 /* CoreDataStack.swift in Sources */ = {isa = PBXBuildFile; fileRef = 3C06712C254F7C2200B8A114 /* CoreDataStack.swift */; };
		3C067132254F855000B8A114 /* PersistenceManager.swift in Sources */ = {isa = PBXBuildFile; fileRef = 3C067131254F855000B8A114 /* PersistenceManager.swift */; };
		3C067136254FA67600B8A114 /* MoviesViewModel.swift in Sources */ = {isa = PBXBuildFile; fileRef = 3C067135254FA67600B8A114 /* MoviesViewModel.swift */; };
		7F4E176E25505E1A00FBD393 /* UIViewController+Extensions.swift in Sources */ = {isa = PBXBuildFile; fileRef = 7F4E176D25505E1A00FBD393 /* UIViewController+Extensions.swift */; };
		7FBF2EE4255046C4007CF996 /* BaseViewController.swift in Sources */ = {isa = PBXBuildFile; fileRef = 7FBF2EE3255046C4007CF996 /* BaseViewController.swift */; };
		7FBF2EF425504AEB007CF996 /* String+Extensions.swift in Sources */ = {isa = PBXBuildFile; fileRef = 7FBF2EF325504AEB007CF996 /* String+Extensions.swift */; };
/* End PBXBuildFile section */

/* Begin PBXFileReference section */
		3C0670C1254F2B5000B8A114 /* TheMoviesDB.app */ = {isa = PBXFileReference; explicitFileType = wrapper.application; includeInIndex = 0; path = TheMoviesDB.app; sourceTree = BUILT_PRODUCTS_DIR; };
		3C0670C4254F2B5000B8A114 /* AppDelegate.swift */ = {isa = PBXFileReference; lastKnownFileType = sourcecode.swift; path = AppDelegate.swift; sourceTree = "<group>"; };
		3C0670C6254F2B5000B8A114 /* SceneDelegate.swift */ = {isa = PBXFileReference; lastKnownFileType = sourcecode.swift; path = SceneDelegate.swift; sourceTree = "<group>"; };
		3C0670C8254F2B5000B8A114 /* MoviesViewController.swift */ = {isa = PBXFileReference; lastKnownFileType = sourcecode.swift; path = MoviesViewController.swift; sourceTree = "<group>"; };
		3C0670CB254F2B5000B8A114 /* Base */ = {isa = PBXFileReference; lastKnownFileType = file.storyboard; name = Base; path = Base.lproj/Main.storyboard; sourceTree = "<group>"; };
		3C0670CE254F2B5000B8A114 /* TheMoviesDB.xcdatamodel */ = {isa = PBXFileReference; lastKnownFileType = wrapper.xcdatamodel; path = TheMoviesDB.xcdatamodel; sourceTree = "<group>"; };
		3C0670D0254F2B5300B8A114 /* Assets.xcassets */ = {isa = PBXFileReference; lastKnownFileType = folder.assetcatalog; path = Assets.xcassets; sourceTree = "<group>"; };
		3C0670D3254F2B5300B8A114 /* Base */ = {isa = PBXFileReference; lastKnownFileType = file.storyboard; name = Base; path = Base.lproj/LaunchScreen.storyboard; sourceTree = "<group>"; };
		3C0670D5254F2B5300B8A114 /* Info.plist */ = {isa = PBXFileReference; lastKnownFileType = text.plist.xml; path = Info.plist; sourceTree = "<group>"; };
		3C0670E5254F378800B8A114 /* TVShowCell.swift */ = {isa = PBXFileReference; lastKnownFileType = sourcecode.swift; path = TVShowCell.swift; sourceTree = "<group>"; };
		3C0670EA254F38D100B8A114 /* MovieDetailsViewController.swift */ = {isa = PBXFileReference; lastKnownFileType = sourcecode.swift; path = MovieDetailsViewController.swift; sourceTree = "<group>"; };
		3C067103254F544100B8A114 /* en */ = {isa = PBXFileReference; lastKnownFileType = text.plist.strings; name = en; path = en.lproj/Localizables.strings; sourceTree = "<group>"; };
		3C067106254F549400B8A114 /* es */ = {isa = PBXFileReference; lastKnownFileType = text.plist.strings; name = es; path = es.lproj/Localizables.strings; sourceTree = "<group>"; };
		3C06710B254F550B00B8A114 /* LocalizableKeys.swift */ = {isa = PBXFileReference; lastKnownFileType = sourcecode.swift; path = LocalizableKeys.swift; sourceTree = "<group>"; };
		3C06710F254F55B600B8A114 /* Requestable.swift */ = {isa = PBXFileReference; lastKnownFileType = sourcecode.swift; path = Requestable.swift; sourceTree = "<group>"; };
		3C067113254F56B700B8A114 /* Pagination.swift */ = {isa = PBXFileReference; lastKnownFileType = sourcecode.swift; path = Pagination.swift; sourceTree = "<group>"; };
		3C06711B254F589500B8A114 /* BaseResponse.swift */ = {isa = PBXFileReference; lastKnownFileType = sourcecode.swift; path = BaseResponse.swift; sourceTree = "<group>"; };
		3C06711F254F60D800B8A114 /* NetworkManager.swift */ = {isa = PBXFileReference; lastKnownFileType = sourcecode.swift; path = NetworkManager.swift; sourceTree = "<group>"; };
		3C067122254F648900B8A114 /* NetworkError.swift */ = {isa = PBXFileReference; lastKnownFileType = sourcecode.swift; path = NetworkError.swift; sourceTree = "<group>"; };
		3C067125254F6CB300B8A114 /* GenreModel.swift */ = {isa = PBXFileReference; lastKnownFileType = sourcecode.swift; path = GenreModel.swift; sourceTree = "<group>"; };
		3C067128254F6E8900B8A114 /* TVShow.swift */ = {isa = PBXFileReference; lastKnownFileType = sourcecode.swift; path = TVShow.swift; sourceTree = "<group>"; };
		3C06712C254F7C2200B8A114 /* CoreDataStack.swift */ = {isa = PBXFileReference; lastKnownFileType = sourcecode.swift; path = CoreDataStack.swift; sourceTree = "<group>"; };
		3C067131254F855000B8A114 /* PersistenceManager.swift */ = {isa = PBXFileReference; lastKnownFileType = sourcecode.swift; path = PersistenceManager.swift; sourceTree = "<group>"; };
		3C067135254FA67600B8A114 /* MoviesViewModel.swift */ = {isa = PBXFileReference; lastKnownFileType = sourcecode.swift; path = MoviesViewModel.swift; sourceTree = "<group>"; };
		7F4E176D25505E1A00FBD393 /* UIViewController+Extensions.swift */ = {isa = PBXFileReference; lastKnownFileType = sourcecode.swift; path = "UIViewController+Extensions.swift"; sourceTree = "<group>"; };
		7FBF2EE3255046C4007CF996 /* BaseViewController.swift */ = {isa = PBXFileReference; lastKnownFileType = sourcecode.swift; path = BaseViewController.swift; sourceTree = "<group>"; };
		7FBF2EF325504AEB007CF996 /* String+Extensions.swift */ = {isa = PBXFileReference; lastKnownFileType = sourcecode.swift; path = "String+Extensions.swift"; sourceTree = "<group>"; };
/* End PBXFileReference section */

/* Begin PBXFrameworksBuildPhase section */
		3C0670BE254F2B5000B8A114 /* Frameworks */ = {
			isa = PBXFrameworksBuildPhase;
			buildActionMask = 2147483647;
			files = (
				3C067118254F57BD00B8A114 /* ObjectMapper in Frameworks */,
				3C0670F5254F445400B8A114 /* Alamofire in Frameworks */,
				3C0670F1254F421500B8A114 /* Kingfisher in Frameworks */,
			);
			runOnlyForDeploymentPostprocessing = 0;
		};
/* End PBXFrameworksBuildPhase section */

/* Begin PBXGroup section */
		3C0670B8254F2B5000B8A114 = {
			isa = PBXGroup;
			children = (
				3C0670C3254F2B5000B8A114 /* TheMoviesDB */,
				3C0670C2254F2B5000B8A114 /* Products */,
			);
			sourceTree = "<group>";
		};
		3C0670C2254F2B5000B8A114 /* Products */ = {
			isa = PBXGroup;
			children = (
				3C0670C1254F2B5000B8A114 /* TheMoviesDB.app */,
			);
			name = Products;
			sourceTree = "<group>";
		};
		3C0670C3254F2B5000B8A114 /* TheMoviesDB */ = {
			isa = PBXGroup;
			children = (
				3C0670DC254F31D600B8A114 /* Application */,
				7FBF2EE025504647007CF996 /* Common */,
				3C0670DD254F31E200B8A114 /* Features */,
				3C0670E0254F320D00B8A114 /* Models */,
				3C0670DF254F31F700B8A114 /* Resources */,
				3C0670DE254F31ED00B8A114 /* Storyboard */,
				3C0670FB254F537800B8A114 /* Utils */,
			);
			path = TheMoviesDB;
			sourceTree = "<group>";
		};
		3C0670DC254F31D600B8A114 /* Application */ = {
			isa = PBXGroup;
			children = (
				3C0670D5254F2B5300B8A114 /* Info.plist */,
				3C0670C4254F2B5000B8A114 /* AppDelegate.swift */,
				3C0670C6254F2B5000B8A114 /* SceneDelegate.swift */,
				3C06712C254F7C2200B8A114 /* CoreDataStack.swift */,
			);
			path = Application;
			sourceTree = "<group>";
		};
		3C0670DD254F31E200B8A114 /* Features */ = {
			isa = PBXGroup;
			children = (
				3C0670E9254F38BE00B8A114 /* MovieDetails */,
				3C0670E1254F324C00B8A114 /* TVShows */,
			);
			path = Features;
			sourceTree = "<group>";
		};
		3C0670DE254F31ED00B8A114 /* Storyboard */ = {
			isa = PBXGroup;
			children = (
				3C0670CA254F2B5000B8A114 /* Main.storyboard */,
				3C0670D2254F2B5300B8A114 /* LaunchScreen.storyboard */,
			);
			path = Storyboard;
			sourceTree = "<group>";
		};
		3C0670DF254F31F700B8A114 /* Resources */ = {
			isa = PBXGroup;
			children = (
				3C0670FD254F53EC00B8A114 /* Localizables */,
				3C0670D0254F2B5300B8A114 /* Assets.xcassets */,
			);
			path = Resources;
			sourceTree = "<group>";
		};
		3C0670E0254F320D00B8A114 /* Models */ = {
			isa = PBXGroup;
			children = (
				3C0670CD254F2B5000B8A114 /* TheMoviesDB.xcdatamodeld */,
				3C067113254F56B700B8A114 /* Pagination.swift */,
				3C06711B254F589500B8A114 /* BaseResponse.swift */,
				3C067125254F6CB300B8A114 /* GenreModel.swift */,
				3C067128254F6E8900B8A114 /* TVShow.swift */,
			);
			path = Models;
			sourceTree = "<group>";
		};
		3C0670E1254F324C00B8A114 /* TVShows */ = {
			isa = PBXGroup;
			children = (
				3C0670E4254F377600B8A114 /* Cells */,
				3C0670C8254F2B5000B8A114 /* MoviesViewController.swift */,
				3C067135254FA67600B8A114 /* MoviesViewModel.swift */,
			);
			path = TVShows;
			sourceTree = "<group>";
		};
		3C0670E4254F377600B8A114 /* Cells */ = {
			isa = PBXGroup;
			children = (
				3C0670E5254F378800B8A114 /* TVShowCell.swift */,
			);
			path = Cells;
			sourceTree = "<group>";
		};
		3C0670E9254F38BE00B8A114 /* MovieDetails */ = {
			isa = PBXGroup;
			children = (
				3C0670EA254F38D100B8A114 /* MovieDetailsViewController.swift */,
			);
			path = MovieDetails;
			sourceTree = "<group>";
		};
		3C0670FB254F537800B8A114 /* Utils */ = {
			isa = PBXGroup;
			children = (
				3C067130254F849700B8A114 /* Persistence */,
				3C06710E254F555900B8A114 /* Networking */,
			);
			path = Utils;
			sourceTree = "<group>";
		};
		3C0670FD254F53EC00B8A114 /* Localizables */ = {
			isa = PBXGroup;
			children = (
				3C06710B254F550B00B8A114 /* LocalizableKeys.swift */,
				3C067104254F544100B8A114 /* Localizables.strings */,
			);
			path = Localizables;
			sourceTree = "<group>";
		};
		3C06710E254F555900B8A114 /* Networking */ = {
			isa = PBXGroup;
			children = (
				3C06710F254F55B600B8A114 /* Requestable.swift */,
				3C06711F254F60D800B8A114 /* NetworkManager.swift */,
				3C067122254F648900B8A114 /* NetworkError.swift */,
			);
			path = Networking;
			sourceTree = "<group>";
		};
		3C067130254F849700B8A114 /* Persistence */ = {
			isa = PBXGroup;
			children = (
				3C067131254F855000B8A114 /* PersistenceManager.swift */,
			);
			path = Persistence;
			sourceTree = "<group>";
		};
		7FBF2EE025504647007CF996 /* Common */ = {
			isa = PBXGroup;
			children = (
				7FBF2EE22550467F007CF996 /* BaseViewController */,
				7FBF2EE125504659007CF996 /* Extensions */,
			);
			path = Common;
			sourceTree = "<group>";
		};
		7FBF2EE125504659007CF996 /* Extensions */ = {
			isa = PBXGroup;
			children = (
				7FBF2EF325504AEB007CF996 /* String+Extensions.swift */,
				7F4E176D25505E1A00FBD393 /* UIViewController+Extensions.swift */,
			);
			path = Extensions;
			sourceTree = "<group>";
		};
		7FBF2EE22550467F007CF996 /* BaseViewController */ = {
			isa = PBXGroup;
			children = (
				7FBF2EE3255046C4007CF996 /* BaseViewController.swift */,
			);
			path = BaseViewController;
			sourceTree = "<group>";
		};
/* End PBXGroup section */

/* Begin PBXNativeTarget section */
		3C0670C0254F2B5000B8A114 /* TheMoviesDB */ = {
			isa = PBXNativeTarget;
			buildConfigurationList = 3C0670D8254F2B5300B8A114 /* Build configuration list for PBXNativeTarget "TheMoviesDB" */;
			buildPhases = (
				3C0670BD254F2B5000B8A114 /* Sources */,
				3C0670BE254F2B5000B8A114 /* Frameworks */,
				3C0670BF254F2B5000B8A114 /* Resources */,
			);
			buildRules = (
			);
			dependencies = (
			);
			name = TheMoviesDB;
			packageProductDependencies = (
				3C0670F0254F421500B8A114 /* Kingfisher */,
				3C0670F4254F445400B8A114 /* Alamofire */,
				3C067117254F57BD00B8A114 /* ObjectMapper */,
			);
			productName = TheMoviesDB;
			productReference = 3C0670C1254F2B5000B8A114 /* TheMoviesDB.app */;
			productType = "com.apple.product-type.application";
		};
/* End PBXNativeTarget section */

/* Begin PBXProject section */
		3C0670B9254F2B5000B8A114 /* Project object */ = {
			isa = PBXProject;
			attributes = {
				LastSwiftUpdateCheck = 1200;
				LastUpgradeCheck = 1200;
				TargetAttributes = {
					3C0670C0254F2B5000B8A114 = {
						CreatedOnToolsVersion = 12.0;
					};
				};
			};
			buildConfigurationList = 3C0670BC254F2B5000B8A114 /* Build configuration list for PBXProject "TheMoviesDB" */;
			compatibilityVersion = "Xcode 9.3";
			developmentRegion = en;
			hasScannedForEncodings = 0;
			knownRegions = (
				en,
				Base,
				es,
			);
			mainGroup = 3C0670B8254F2B5000B8A114;
			packageReferences = (
				3C0670EF254F421500B8A114 /* XCRemoteSwiftPackageReference "Kingfisher" */,
				3C0670F3254F445400B8A114 /* XCRemoteSwiftPackageReference "Alamofire" */,
				3C067116254F57BD00B8A114 /* XCRemoteSwiftPackageReference "ObjectMapper" */,
			);
			productRefGroup = 3C0670C2254F2B5000B8A114 /* Products */;
			projectDirPath = "";
			projectRoot = "";
			targets = (
				3C0670C0254F2B5000B8A114 /* TheMoviesDB */,
			);
		};
/* End PBXProject section */

/* Begin PBXResourcesBuildPhase section */
		3C0670BF254F2B5000B8A114 /* Resources */ = {
			isa = PBXResourcesBuildPhase;
			buildActionMask = 2147483647;
			files = (
				3C0670D4254F2B5300B8A114 /* LaunchScreen.storyboard in Resources */,
				3C067102254F544100B8A114 /* Localizables.strings in Resources */,
				3C0670D1254F2B5300B8A114 /* Assets.xcassets in Resources */,
				3C0670CC254F2B5000B8A114 /* Main.storyboard in Resources */,
			);
			runOnlyForDeploymentPostprocessing = 0;
		};
/* End PBXResourcesBuildPhase section */

/* Begin PBXSourcesBuildPhase section */
		3C0670BD254F2B5000B8A114 /* Sources */ = {
			isa = PBXSourcesBuildPhase;
			buildActionMask = 2147483647;
			files = (
				3C06712D254F7C2200B8A114 /* CoreDataStack.swift in Sources */,
				3C0670C9254F2B5000B8A114 /* MoviesViewController.swift in Sources */,
				3C067136254FA67600B8A114 /* MoviesViewModel.swift in Sources */,
				3C067110254F55B600B8A114 /* Requestable.swift in Sources */,
				3C067132254F855000B8A114 /* PersistenceManager.swift in Sources */,
				7FBF2EE4255046C4007CF996 /* BaseViewController.swift in Sources */,
				3C0670C5254F2B5000B8A114 /* AppDelegate.swift in Sources */,
				3C0670EB254F38D100B8A114 /* MovieDetailsViewController.swift in Sources */,
				3C067126254F6CB300B8A114 /* GenreModel.swift in Sources */,
				3C067120254F60D800B8A114 /* NetworkManager.swift in Sources */,
				3C0670CF254F2B5000B8A114 /* TheMoviesDB.xcdatamodeld in Sources */,
				3C06711C254F589500B8A114 /* BaseResponse.swift in Sources */,
				7F4E176E25505E1A00FBD393 /* UIViewController+Extensions.swift in Sources */,
				3C0670E6254F378800B8A114 /* TVShowCell.swift in Sources */,
				7FBF2EF425504AEB007CF996 /* String+Extensions.swift in Sources */,
				3C067114254F56B700B8A114 /* Pagination.swift in Sources */,
				3C067123254F648900B8A114 /* NetworkError.swift in Sources */,
				3C06710C254F550B00B8A114 /* LocalizableKeys.swift in Sources */,
				3C067129254F6E8900B8A114 /* TVShow.swift in Sources */,
				3C0670C7254F2B5000B8A114 /* SceneDelegate.swift in Sources */,
			);
			runOnlyForDeploymentPostprocessing = 0;
		};
/* End PBXSourcesBuildPhase section */

/* Begin PBXVariantGroup section */
		3C0670CA254F2B5000B8A114 /* Main.storyboard */ = {
			isa = PBXVariantGroup;
			children = (
				3C0670CB254F2B5000B8A114 /* Base */,
			);
			name = Main.storyboard;
			sourceTree = "<group>";
		};
		3C0670D2254F2B5300B8A114 /* LaunchScreen.storyboard */ = {
			isa = PBXVariantGroup;
			children = (
				3C0670D3254F2B5300B8A114 /* Base */,
			);
			name = LaunchScreen.storyboard;
			sourceTree = "<group>";
		};
		3C067104254F544100B8A114 /* Localizables.strings */ = {
			isa = PBXVariantGroup;
			children = (
				3C067103254F544100B8A114 /* en */,
				3C067106254F549400B8A114 /* es */,
			);
			name = Localizables.strings;
			sourceTree = "<group>";
		};
/* End PBXVariantGroup section */

/* Begin XCBuildConfiguration section */
		3C0670D6254F2B5300B8A114 /* Debug */ = {
			isa = XCBuildConfiguration;
			buildSettings = {
				ALWAYS_SEARCH_USER_PATHS = NO;
				CLANG_ANALYZER_LOCALIZABILITY_NONLOCALIZED = YES;
				CLANG_ANALYZER_NONNULL = YES;
				CLANG_ANALYZER_NUMBER_OBJECT_CONVERSION = YES_AGGRESSIVE;
				CLANG_CXX_LANGUAGE_STANDARD = "gnu++14";
				CLANG_CXX_LIBRARY = "libc++";
				CLANG_ENABLE_MODULES = YES;
				CLANG_ENABLE_OBJC_ARC = YES;
				CLANG_ENABLE_OBJC_WEAK = YES;
				CLANG_WARN_BLOCK_CAPTURE_AUTORELEASING = YES;
				CLANG_WARN_BOOL_CONVERSION = YES;
				CLANG_WARN_COMMA = YES;
				CLANG_WARN_CONSTANT_CONVERSION = YES;
				CLANG_WARN_DEPRECATED_OBJC_IMPLEMENTATIONS = YES;
				CLANG_WARN_DIRECT_OBJC_ISA_USAGE = YES_ERROR;
				CLANG_WARN_DOCUMENTATION_COMMENTS = YES;
				CLANG_WARN_EMPTY_BODY = YES;
				CLANG_WARN_ENUM_CONVERSION = YES;
				CLANG_WARN_INFINITE_RECURSION = YES;
				CLANG_WARN_INT_CONVERSION = YES;
				CLANG_WARN_NON_LITERAL_NULL_CONVERSION = YES;
				CLANG_WARN_OBJC_IMPLICIT_RETAIN_SELF = YES;
				CLANG_WARN_OBJC_LITERAL_CONVERSION = YES;
				CLANG_WARN_OBJC_ROOT_CLASS = YES_ERROR;
				CLANG_WARN_QUOTED_INCLUDE_IN_FRAMEWORK_HEADER = YES;
				CLANG_WARN_RANGE_LOOP_ANALYSIS = YES;
				CLANG_WARN_STRICT_PROTOTYPES = YES;
				CLANG_WARN_SUSPICIOUS_MOVE = YES;
				CLANG_WARN_UNGUARDED_AVAILABILITY = YES_AGGRESSIVE;
				CLANG_WARN_UNREACHABLE_CODE = YES;
				CLANG_WARN__DUPLICATE_METHOD_MATCH = YES;
				COPY_PHASE_STRIP = NO;
				DEBUG_INFORMATION_FORMAT = dwarf;
				ENABLE_STRICT_OBJC_MSGSEND = YES;
				ENABLE_TESTABILITY = YES;
				GCC_C_LANGUAGE_STANDARD = gnu11;
				GCC_DYNAMIC_NO_PIC = NO;
				GCC_NO_COMMON_BLOCKS = YES;
				GCC_OPTIMIZATION_LEVEL = 0;
				GCC_PREPROCESSOR_DEFINITIONS = (
					"DEBUG=1",
					"$(inherited)",
				);
				GCC_WARN_64_TO_32_BIT_CONVERSION = YES;
				GCC_WARN_ABOUT_RETURN_TYPE = YES_ERROR;
				GCC_WARN_UNDECLARED_SELECTOR = YES;
				GCC_WARN_UNINITIALIZED_AUTOS = YES_AGGRESSIVE;
				GCC_WARN_UNUSED_FUNCTION = YES;
				GCC_WARN_UNUSED_VARIABLE = YES;
				IPHONEOS_DEPLOYMENT_TARGET = 14.0;
				MTL_ENABLE_DEBUG_INFO = INCLUDE_SOURCE;
				MTL_FAST_MATH = YES;
				ONLY_ACTIVE_ARCH = YES;
				SDKROOT = iphoneos;
				SWIFT_ACTIVE_COMPILATION_CONDITIONS = DEBUG;
				SWIFT_OPTIMIZATION_LEVEL = "-Onone";
			};
			name = Debug;
		};
		3C0670D7254F2B5300B8A114 /* Release */ = {
			isa = XCBuildConfiguration;
			buildSettings = {
				ALWAYS_SEARCH_USER_PATHS = NO;
				CLANG_ANALYZER_LOCALIZABILITY_NONLOCALIZED = YES;
				CLANG_ANALYZER_NONNULL = YES;
				CLANG_ANALYZER_NUMBER_OBJECT_CONVERSION = YES_AGGRESSIVE;
				CLANG_CXX_LANGUAGE_STANDARD = "gnu++14";
				CLANG_CXX_LIBRARY = "libc++";
				CLANG_ENABLE_MODULES = YES;
				CLANG_ENABLE_OBJC_ARC = YES;
				CLANG_ENABLE_OBJC_WEAK = YES;
				CLANG_WARN_BLOCK_CAPTURE_AUTORELEASING = YES;
				CLANG_WARN_BOOL_CONVERSION = YES;
				CLANG_WARN_COMMA = YES;
				CLANG_WARN_CONSTANT_CONVERSION = YES;
				CLANG_WARN_DEPRECATED_OBJC_IMPLEMENTATIONS = YES;
				CLANG_WARN_DIRECT_OBJC_ISA_USAGE = YES_ERROR;
				CLANG_WARN_DOCUMENTATION_COMMENTS = YES;
				CLANG_WARN_EMPTY_BODY = YES;
				CLANG_WARN_ENUM_CONVERSION = YES;
				CLANG_WARN_INFINITE_RECURSION = YES;
				CLANG_WARN_INT_CONVERSION = YES;
				CLANG_WARN_NON_LITERAL_NULL_CONVERSION = YES;
				CLANG_WARN_OBJC_IMPLICIT_RETAIN_SELF = YES;
				CLANG_WARN_OBJC_LITERAL_CONVERSION = YES;
				CLANG_WARN_OBJC_ROOT_CLASS = YES_ERROR;
				CLANG_WARN_QUOTED_INCLUDE_IN_FRAMEWORK_HEADER = YES;
				CLANG_WARN_RANGE_LOOP_ANALYSIS = YES;
				CLANG_WARN_STRICT_PROTOTYPES = YES;
				CLANG_WARN_SUSPICIOUS_MOVE = YES;
				CLANG_WARN_UNGUARDED_AVAILABILITY = YES_AGGRESSIVE;
				CLANG_WARN_UNREACHABLE_CODE = YES;
				CLANG_WARN__DUPLICATE_METHOD_MATCH = YES;
				COPY_PHASE_STRIP = NO;
				DEBUG_INFORMATION_FORMAT = "dwarf-with-dsym";
				ENABLE_NS_ASSERTIONS = NO;
				ENABLE_STRICT_OBJC_MSGSEND = YES;
				GCC_C_LANGUAGE_STANDARD = gnu11;
				GCC_NO_COMMON_BLOCKS = YES;
				GCC_WARN_64_TO_32_BIT_CONVERSION = YES;
				GCC_WARN_ABOUT_RETURN_TYPE = YES_ERROR;
				GCC_WARN_UNDECLARED_SELECTOR = YES;
				GCC_WARN_UNINITIALIZED_AUTOS = YES_AGGRESSIVE;
				GCC_WARN_UNUSED_FUNCTION = YES;
				GCC_WARN_UNUSED_VARIABLE = YES;
				IPHONEOS_DEPLOYMENT_TARGET = 14.0;
				MTL_ENABLE_DEBUG_INFO = NO;
				MTL_FAST_MATH = YES;
				SDKROOT = iphoneos;
				SWIFT_COMPILATION_MODE = wholemodule;
				SWIFT_OPTIMIZATION_LEVEL = "-O";
				VALIDATE_PRODUCT = YES;
			};
			name = Release;
		};
		3C0670D9254F2B5300B8A114 /* Debug */ = {
			isa = XCBuildConfiguration;
			buildSettings = {
				ASSETCATALOG_COMPILER_APPICON_NAME = AppIcon;
				ASSETCATALOG_COMPILER_GLOBAL_ACCENT_COLOR_NAME = AccentColor;
				CODE_SIGN_STYLE = Automatic;
				DEVELOPMENT_TEAM = 45HR8YZ3Y2;
				INFOPLIST_FILE = "$(SRCROOT)/TheMoviesDB/Application/Info.plist";
				LD_RUNPATH_SEARCH_PATHS = (
					"$(inherited)",
					"@executable_path/Frameworks",
				);
				PRODUCT_BUNDLE_IDENTIFIER = com.langtroyan.TheMoviesDB;
				PRODUCT_NAME = "$(TARGET_NAME)";
				SWIFT_VERSION = 5.0;
				TARGETED_DEVICE_FAMILY = "1,2";
			};
			name = Debug;
		};
		3C0670DA254F2B5300B8A114 /* Release */ = {
			isa = XCBuildConfiguration;
			buildSettings = {
				ASSETCATALOG_COMPILER_APPICON_NAME = AppIcon;
				ASSETCATALOG_COMPILER_GLOBAL_ACCENT_COLOR_NAME = AccentColor;
				CODE_SIGN_STYLE = Automatic;
				DEVELOPMENT_TEAM = 45HR8YZ3Y2;
				INFOPLIST_FILE = "$(SRCROOT)/TheMoviesDB/Application/Info.plist";
				LD_RUNPATH_SEARCH_PATHS = (
					"$(inherited)",
					"@executable_path/Frameworks",
				);
				PRODUCT_BUNDLE_IDENTIFIER = com.langtroyan.TheMoviesDB;
				PRODUCT_NAME = "$(TARGET_NAME)";
				SWIFT_VERSION = 5.0;
				TARGETED_DEVICE_FAMILY = "1,2";
			};
			name = Release;
		};
/* End XCBuildConfiguration section */

/* Begin XCConfigurationList section */
		3C0670BC254F2B5000B8A114 /* Build configuration list for PBXProject "TheMoviesDB" */ = {
			isa = XCConfigurationList;
			buildConfigurations = (
				3C0670D6254F2B5300B8A114 /* Debug */,
				3C0670D7254F2B5300B8A114 /* Release */,
			);
			defaultConfigurationIsVisible = 0;
			defaultConfigurationName = Release;
		};
		3C0670D8254F2B5300B8A114 /* Build configuration list for PBXNativeTarget "TheMoviesDB" */ = {
			isa = XCConfigurationList;
			buildConfigurations = (
				3C0670D9254F2B5300B8A114 /* Debug */,
				3C0670DA254F2B5300B8A114 /* Release */,
			);
			defaultConfigurationIsVisible = 0;
			defaultConfigurationName = Release;
		};
/* End XCConfigurationList section */

/* Begin XCRemoteSwiftPackageReference section */
		3C0670EF254F421500B8A114 /* XCRemoteSwiftPackageReference "Kingfisher" */ = {
			isa = XCRemoteSwiftPackageReference;
			repositoryURL = "https://github.com/onevcat/Kingfisher";
			requirement = {
				kind = upToNextMajorVersion;
				minimumVersion = 5.15.7;
			};
		};
		3C0670F3254F445400B8A114 /* XCRemoteSwiftPackageReference "Alamofire" */ = {
			isa = XCRemoteSwiftPackageReference;
			repositoryURL = "https://github.com/Alamofire/Alamofire";
			requirement = {
				kind = upToNextMajorVersion;
				minimumVersion = 5.3.0;
			};
		};
		3C067116254F57BD00B8A114 /* XCRemoteSwiftPackageReference "ObjectMapper" */ = {
			isa = XCRemoteSwiftPackageReference;
			repositoryURL = "https://github.com/tristanhimmelman/ObjectMapper";
			requirement = {
				kind = upToNextMajorVersion;
				minimumVersion = 4.2.0;
			};
		};
/* End XCRemoteSwiftPackageReference section */

/* Begin XCSwiftPackageProductDependency section */
		3C0670F0254F421500B8A114 /* Kingfisher */ = {
			isa = XCSwiftPackageProductDependency;
			package = 3C0670EF254F421500B8A114 /* XCRemoteSwiftPackageReference "Kingfisher" */;
			productName = Kingfisher;
		};
		3C0670F4254F445400B8A114 /* Alamofire */ = {
			isa = XCSwiftPackageProductDependency;
			package = 3C0670F3254F445400B8A114 /* XCRemoteSwiftPackageReference "Alamofire" */;
			productName = Alamofire;
		};
		3C067117254F57BD00B8A114 /* ObjectMapper */ = {
			isa = XCSwiftPackageProductDependency;
			package = 3C067116254F57BD00B8A114 /* XCRemoteSwiftPackageReference "ObjectMapper" */;
			productName = ObjectMapper;
		};
/* End XCSwiftPackageProductDependency section */

/* Begin XCVersionGroup section */
		3C0670CD254F2B5000B8A114 /* TheMoviesDB.xcdatamodeld */ = {
			isa = XCVersionGroup;
			children = (
				3C0670CE254F2B5000B8A114 /* TheMoviesDB.xcdatamodel */,
			);
			currentVersion = 3C0670CE254F2B5000B8A114 /* TheMoviesDB.xcdatamodel */;
			path = TheMoviesDB.xcdatamodeld;
			sourceTree = "<group>";
			versionGroupType = wrapper.xcdatamodel;
		};
/* End XCVersionGroup section */
	};
	rootObject = 3C0670B9254F2B5000B8A114 /* Project object */;
}
